
Microsoft Visual Studio Solution File, Format Version 12.00
# Visual Studio Version 16
VisualStudioVersion = 16.0.30225.117
MinimumVisualStudioVersion = 10.0.40219.1
Project("{8BC9CEB8-8B4A-11D0-8D11-00A0C91BC942}") = "SddTest", "SddTest\SddTest.vcxproj", "{94C6C16E-2F13-428D-B521-20D4D51A450D}"
	ProjectSection(ProjectDependencies) = postProject
		{59979E24-E779-4078-A6B6-35C2EA777165} = {59979E24-E779-4078-A6B6-35C2EA777165}
	EndProjectSection
EndProject
Project("{8BC9CEB8-8B4A-11D0-8D11-00A0C91BC942}") = "Sdd", "Sdd\Sdd.vcxproj", "{59979E24-E779-4078-A6B6-35C2EA777165}"
EndProject
Global
	GlobalSection(SolutionConfigurationPlatforms) = preSolution
		Debug|x64 = Debug|x64
		Debug|x86 = Debug|x86
		Release|x64 = Release|x64
		Release|x86 = Release|x86
	EndGlobalSection
	GlobalSection(ProjectConfigurationPlatforms) = postSolution
		{94C6C16E-2F13-428D-B521-20D4D51A450D}.Debug|x64.ActiveCfg = Debug|x64
		{94C6C16E-2F13-428D-B521-20D4D51A450D}.Debug|x64.Build.0 = Debug|x64
		{94C6C16E-2F13-428D-B521-20D4D51A450D}.Debug|x86.ActiveCfg = Debug|Win32
		{94C6C16E-2F13-428D-B521-20D4D51A450D}.Debug|x86.Build.0 = Debug|Win32
		{94C6C16E-2F13-428D-B521-20D4D51A450D}.Release|x64.ActiveCfg = Release|x64
		{94C6C16E-2F13-428D-B521-20D4D51A450D}.Release|x64.Build.0 = Release|x64
		{94C6C16E-2F13-428D-B521-20D4D51A450D}.Release|x86.ActiveCfg = Release|Win32
		{94C6C16E-2F13-428D-B521-20D4D51A450D}.Release|x86.Build.0 = Release|Win32
		{59979E24-E779-4078-A6B6-35C2EA777165}.Debug|x64.ActiveCfg = Debug|x64
		{59979E24-E779-4078-A6B6-35C2EA777165}.Debug|x64.Build.0 = Debug|x64
		{59979E24-E779-4078-A6B6-35C2EA777165}.Debug|x86.ActiveCfg = Debug|Win32
		{59979E24-E779-4078-A6B6-35C2EA777165}.Debug|x86.Build.0 = Debug|Win32
		{59979E24-E779-4078-A6B6-35C2EA777165}.Release|x64.ActiveCfg = Release|x64
		{59979E24-E779-4078-A6B6-35C2EA777165}.Release|x64.Build.0 = Release|x64
		{59979E24-E779-4078-A6B6-35C2EA777165}.Release|x86.ActiveCfg = Release|Win32
		{59979E24-E779-4078-A6B6-35C2EA777165}.Release|x86.Build.0 = Release|Win32
	EndGlobalSection
	GlobalSection(SolutionProperties) = preSolution
		HideSolutionNode = FALSE
	EndGlobalSection
	GlobalSection(ExtensibilityGlobals) = postSolution
		SolutionGuid = {9BA4496B-6E29-49A3-B417-314A83D04170}
	EndGlobalSection
EndGlobal
